
Microsoft Visual Studio Solution File, Format Version 12.00
# Visual Studio Version 17
VisualStudioVersion = 17.0.31912.275
MinimumVisualStudioVersion = 10.0.40219.1
Project("{2150E333-8FDC-42A3-9474-1A3956D46DE8}") = "NmsRecipies", "NmsRecipies", "{B1E03EAB-C493-4C5E-8B5D-1F849C20704C}"
EndProject
Project("{9A19103F-16F7-4668-BE54-9A1E7A4F7556}") = "NoMansSkyRecipies", "NoMansSkyRecipies\NoMansSkyRecipies.csproj", "{0821C0F5-B7D2-417C-92E3-171ECE74EDF2}"
EndProject
Project("{9A19103F-16F7-4668-BE54-9A1E7A4F7556}") = "NoMansSkyRecipies.Data", "NoMansSkyRecipies.Data\NoMansSkyRecipies.Data.csproj", "{AE0C72AD-4799-4B16-AAB0-8218E6B77140}"
EndProject
Project("{9A19103F-16F7-4668-BE54-9A1E7A4F7556}") = "Nms.StaticData", "Nms.StaticData\Nms.StaticData.csproj", "{BC409DB0-F86B-48B7-ADF5-D57944D420DF}"
EndProject
Project("{9A19103F-16F7-4668-BE54-9A1E7A4F7556}") = "NmsDisplayData", "NmsDisplayData\NmsDisplayData.csproj", "{BF8C3604-2EF6-491C-AD50-1DD4DAAB6CB1}"
EndProject
Project("{9A19103F-16F7-4668-BE54-9A1E7A4F7556}") = "NmsRecipes.DAL", "NmsRecipes.DAL\NmsRecipes.DAL.csproj", "{48B96C72-CA6D-4AF5-A694-5DFAD06EAEBD}"
EndProject
Project("{2150E333-8FDC-42A3-9474-1A3956D46DE8}") = "Tests", "Tests", "{E1968FC6-7375-49CE-B446-8FCE1164311E}"
EndProject
Project("{9A19103F-16F7-4668-BE54-9A1E7A4F7556}") = "Nms.Tests", "Nms.Tests\Nms.Tests.csproj", "{2364A02D-A9AA-4687-939C-D65CB99C191F}"
EndProject
Project("{9A19103F-16F7-4668-BE54-9A1E7A4F7556}") = "ConsoleTest", "ConsoleTest\ConsoleTest.csproj", "{BDDB8568-889C-4ECF-9A4F-C272B804F240}"
EndProject
Project("{9A19103F-16F7-4668-BE54-9A1E7A4F7556}") = "UsersData", "UsersData\UsersData.csproj", "{BAC0B099-0B91-4CAD-AAD2-24FCB989F4F3}"
EndProject
Project("{9A19103F-16F7-4668-BE54-9A1E7A4F7556}") = "Nms.Mappings", "Nms.Mappings\Nms.Mappings.csproj", "{D57554C9-0B5B-4F10-84CE-A04E24E0C8BE}"
EndProject
Project("{2150E333-8FDC-42A3-9474-1A3956D46DE8}") = "SomeOtherAPI", "SomeOtherAPI", "{3F4C8A9D-C07E-4464-959B-4E44645623CD}"
EndProject
Project("{9A19103F-16F7-4668-BE54-9A1E7A4F7556}") = "WeaponSystemsAPI", "WeaponSystemsAPI\WeaponSystemsAPI.csproj", "{62E4F662-BB91-49E3-BB64-7E3B1FB5946F}"
EndProject
Project("{2150E333-8FDC-42A3-9474-1A3956D46DE8}") = "Services", "Services", "{E291FBA7-1BF8-4185-A596-D4F86FA8A3C9}"
EndProject
Project("{9A19103F-16F7-4668-BE54-9A1E7A4F7556}") = "WeaponSystemCaller", "WeaponSystemCallerService\WeaponSystemCaller.csproj", "{ED6DEFF8-4B35-4855-A362-229C29232F2F}"
EndProject
Project("{2150E333-8FDC-42A3-9474-1A3956D46DE8}") = "K6", "K6", "{E61A306A-E475-4123-8F0B-043D54FA723C}"
	ProjectSection(SolutionItems) = preProject
		K6\load-test-cache.js = K6\load-test-cache.js
		K6\load-test.js = K6\load-test.js
	EndProjectSection
EndProject
Global
	GlobalSection(SolutionConfigurationPlatforms) = preSolution
		Debug|Any CPU = Debug|Any CPU
		Release|Any CPU = Release|Any CPU
	EndGlobalSection
	GlobalSection(ProjectConfigurationPlatforms) = postSolution
		{0821C0F5-B7D2-417C-92E3-171ECE74EDF2}.Debug|Any CPU.ActiveCfg = Debug|Any CPU
		{0821C0F5-B7D2-417C-92E3-171ECE74EDF2}.Debug|Any CPU.Build.0 = Debug|Any CPU
		{0821C0F5-B7D2-417C-92E3-171ECE74EDF2}.Release|Any CPU.ActiveCfg = Release|Any CPU
		{0821C0F5-B7D2-417C-92E3-171ECE74EDF2}.Release|Any CPU.Build.0 = Release|Any CPU
		{AE0C72AD-4799-4B16-AAB0-8218E6B77140}.Debug|Any CPU.ActiveCfg = Debug|Any CPU
		{AE0C72AD-4799-4B16-AAB0-8218E6B77140}.Debug|Any CPU.Build.0 = Debug|Any CPU
		{AE0C72AD-4799-4B16-AAB0-8218E6B77140}.Release|Any CPU.ActiveCfg = Release|Any CPU
		{AE0C72AD-4799-4B16-AAB0-8218E6B77140}.Release|Any CPU.Build.0 = Release|Any CPU
		{BC409DB0-F86B-48B7-ADF5-D57944D420DF}.Debug|Any CPU.ActiveCfg = Debug|Any CPU
		{BC409DB0-F86B-48B7-ADF5-D57944D420DF}.Debug|Any CPU.Build.0 = Debug|Any CPU
		{BC409DB0-F86B-48B7-ADF5-D57944D420DF}.Release|Any CPU.ActiveCfg = Release|Any CPU
		{BC409DB0-F86B-48B7-ADF5-D57944D420DF}.Release|Any CPU.Build.0 = Release|Any CPU
		{BF8C3604-2EF6-491C-AD50-1DD4DAAB6CB1}.Debug|Any CPU.ActiveCfg = Debug|Any CPU
		{BF8C3604-2EF6-491C-AD50-1DD4DAAB6CB1}.Debug|Any CPU.Build.0 = Debug|Any CPU
		{BF8C3604-2EF6-491C-AD50-1DD4DAAB6CB1}.Release|Any CPU.ActiveCfg = Release|Any CPU
		{BF8C3604-2EF6-491C-AD50-1DD4DAAB6CB1}.Release|Any CPU.Build.0 = Release|Any CPU
		{48B96C72-CA6D-4AF5-A694-5DFAD06EAEBD}.Debug|Any CPU.ActiveCfg = Debug|Any CPU
		{48B96C72-CA6D-4AF5-A694-5DFAD06EAEBD}.Debug|Any CPU.Build.0 = Debug|Any CPU
		{48B96C72-CA6D-4AF5-A694-5DFAD06EAEBD}.Release|Any CPU.ActiveCfg = Release|Any CPU
		{48B96C72-CA6D-4AF5-A694-5DFAD06EAEBD}.Release|Any CPU.Build.0 = Release|Any CPU
		{2364A02D-A9AA-4687-939C-D65CB99C191F}.Debug|Any CPU.ActiveCfg = Debug|Any CPU
		{2364A02D-A9AA-4687-939C-D65CB99C191F}.Debug|Any CPU.Build.0 = Debug|Any CPU
		{2364A02D-A9AA-4687-939C-D65CB99C191F}.Release|Any CPU.ActiveCfg = Release|Any CPU
		{2364A02D-A9AA-4687-939C-D65CB99C191F}.Release|Any CPU.Build.0 = Release|Any CPU
		{BDDB8568-889C-4ECF-9A4F-C272B804F240}.Debug|Any CPU.ActiveCfg = Debug|Any CPU
		{BDDB8568-889C-4ECF-9A4F-C272B804F240}.Debug|Any CPU.Build.0 = Debug|Any CPU
		{BDDB8568-889C-4ECF-9A4F-C272B804F240}.Release|Any CPU.ActiveCfg = Release|Any CPU
		{BDDB8568-889C-4ECF-9A4F-C272B804F240}.Release|Any CPU.Build.0 = Release|Any CPU
		{BAC0B099-0B91-4CAD-AAD2-24FCB989F4F3}.Debug|Any CPU.ActiveCfg = Debug|Any CPU
		{BAC0B099-0B91-4CAD-AAD2-24FCB989F4F3}.Debug|Any CPU.Build.0 = Debug|Any CPU
		{BAC0B099-0B91-4CAD-AAD2-24FCB989F4F3}.Release|Any CPU.ActiveCfg = Release|Any CPU
		{BAC0B099-0B91-4CAD-AAD2-24FCB989F4F3}.Release|Any CPU.Build.0 = Release|Any CPU
		{D57554C9-0B5B-4F10-84CE-A04E24E0C8BE}.Debug|Any CPU.ActiveCfg = Debug|Any CPU
		{D57554C9-0B5B-4F10-84CE-A04E24E0C8BE}.Debug|Any CPU.Build.0 = Debug|Any CPU
		{D57554C9-0B5B-4F10-84CE-A04E24E0C8BE}.Release|Any CPU.ActiveCfg = Release|Any CPU
		{D57554C9-0B5B-4F10-84CE-A04E24E0C8BE}.Release|Any CPU.Build.0 = Release|Any CPU
		{62E4F662-BB91-49E3-BB64-7E3B1FB5946F}.Debug|Any CPU.ActiveCfg = Debug|Any CPU
		{62E4F662-BB91-49E3-BB64-7E3B1FB5946F}.Debug|Any CPU.Build.0 = Debug|Any CPU
		{62E4F662-BB91-49E3-BB64-7E3B1FB5946F}.Release|Any CPU.ActiveCfg = Release|Any CPU
		{62E4F662-BB91-49E3-BB64-7E3B1FB5946F}.Release|Any CPU.Build.0 = Release|Any CPU
		{ED6DEFF8-4B35-4855-A362-229C29232F2F}.Debug|Any CPU.ActiveCfg = Debug|Any CPU
		{ED6DEFF8-4B35-4855-A362-229C29232F2F}.Debug|Any CPU.Build.0 = Debug|Any CPU
		{ED6DEFF8-4B35-4855-A362-229C29232F2F}.Release|Any CPU.ActiveCfg = Release|Any CPU
		{ED6DEFF8-4B35-4855-A362-229C29232F2F}.Release|Any CPU.Build.0 = Release|Any CPU
	EndGlobalSection
	GlobalSection(SolutionProperties) = preSolution
		HideSolutionNode = FALSE
	EndGlobalSection
	GlobalSection(NestedProjects) = preSolution
		{0821C0F5-B7D2-417C-92E3-171ECE74EDF2} = {B1E03EAB-C493-4C5E-8B5D-1F849C20704C}
		{AE0C72AD-4799-4B16-AAB0-8218E6B77140} = {B1E03EAB-C493-4C5E-8B5D-1F849C20704C}
		{BC409DB0-F86B-48B7-ADF5-D57944D420DF} = {B1E03EAB-C493-4C5E-8B5D-1F849C20704C}
		{BF8C3604-2EF6-491C-AD50-1DD4DAAB6CB1} = {B1E03EAB-C493-4C5E-8B5D-1F849C20704C}
		{48B96C72-CA6D-4AF5-A694-5DFAD06EAEBD} = {B1E03EAB-C493-4C5E-8B5D-1F849C20704C}
		{E1968FC6-7375-49CE-B446-8FCE1164311E} = {B1E03EAB-C493-4C5E-8B5D-1F849C20704C}
		{2364A02D-A9AA-4687-939C-D65CB99C191F} = {E1968FC6-7375-49CE-B446-8FCE1164311E}
		{BDDB8568-889C-4ECF-9A4F-C272B804F240} = {E1968FC6-7375-49CE-B446-8FCE1164311E}
		{BAC0B099-0B91-4CAD-AAD2-24FCB989F4F3} = {B1E03EAB-C493-4C5E-8B5D-1F849C20704C}
		{D57554C9-0B5B-4F10-84CE-A04E24E0C8BE} = {B1E03EAB-C493-4C5E-8B5D-1F849C20704C}
		{62E4F662-BB91-49E3-BB64-7E3B1FB5946F} = {3F4C8A9D-C07E-4464-959B-4E44645623CD}
		{ED6DEFF8-4B35-4855-A362-229C29232F2F} = {E291FBA7-1BF8-4185-A596-D4F86FA8A3C9}
	EndGlobalSection
	GlobalSection(ExtensibilityGlobals) = postSolution
		SolutionGuid = {FC869FC4-32C3-4B01-A6C3-335B8E35E1E5}
	EndGlobalSection
EndGlobal
